
Microsoft Visual Studio Solution File, Format Version 11.00
# Visual Studio 2010
Project("{8BC9CEB8-8B4A-11D0-8D11-00A0C91BC942}") = "tictactoe", "tictactoe\tictactoe.vcxproj", "{ABC6E982-D05E-4988-9A56-9F9758BBF884}"
EndProject
Global
	GlobalSection(SolutionConfigurationPlatforms) = preSolution
		Debug|Win32 = Debug|Win32
		Release|Win32 = Release|Win32
	EndGlobalSection
	GlobalSection(ProjectConfigurationPlatforms) = postSolution
		{ABC6E982-D05E-4988-9A56-9F9758BBF884}.Debug|Win32.ActiveCfg = Debug|Win32
		{ABC6E982-D05E-4988-9A56-9F9758BBF884}.Debug|Win32.Build.0 = Debug|Win32
		{ABC6E982-D05E-4988-9A56-9F9758BBF884}.Release|Win32.ActiveCfg = Release|Win32
		{ABC6E982-D05E-4988-9A56-9F9758BBF884}.Release|Win32.Build.0 = Release|Win32
	EndGlobalSection
	GlobalSection(SolutionProperties) = preSolution
		HideSolutionNode = FALSE
	EndGlobalSection
EndGlobal
